
Microsoft Visual Studio Solution File, Format Version 12.00
# Visual Studio Version 16
VisualStudioVersion = 16.0.30413.136
MinimumVisualStudioVersion = 10.0.40219.1
Project("{FAE04EC0-301F-11D3-BF4B-00C04F79EFBC}") = "Kordamine", "Kordamine\Kordamine.csproj", "{00F9143F-F707-4D01-847F-F88A54C8BF1C}"
EndProject
Global
	GlobalSection(SolutionConfigurationPlatforms) = preSolution
		Debug|Any CPU = Debug|Any CPU
		Release|Any CPU = Release|Any CPU
	EndGlobalSection
	GlobalSection(ProjectConfigurationPlatforms) = postSolution
		{00F9143F-F707-4D01-847F-F88A54C8BF1C}.Debug|Any CPU.ActiveCfg = Debug|Any CPU
		{00F9143F-F707-4D01-847F-F88A54C8BF1C}.Debug|Any CPU.Build.0 = Debug|Any CPU
		{00F9143F-F707-4D01-847F-F88A54C8BF1C}.Release|Any CPU.ActiveCfg = Release|Any CPU
		{00F9143F-F707-4D01-847F-F88A54C8BF1C}.Release|Any CPU.Build.0 = Release|Any CPU
	EndGlobalSection
	GlobalSection(SolutionProperties) = preSolution
		HideSolutionNode = FALSE
	EndGlobalSection
	GlobalSection(ExtensibilityGlobals) = postSolution
		SolutionGuid = {EBDEAA39-40AE-474F-BD1E-57810DBD209D}
	EndGlobalSection
EndGlobal
